
Microsoft Visual Studio Solution File, Format Version 12.00
# Visual Studio Version 17
VisualStudioVersion = 17.7.34003.232
MinimumVisualStudioVersion = 10.0.40219.1
Project("{FAE04EC0-301F-11D3-BF4B-00C04F79EFBC}") = "PigLatin", "PigLatin.csproj", "{E2B3DF8A-C337-41E0-967A-7699DF74EDAE}"
EndProject
Global
	GlobalSection(SolutionConfigurationPlatforms) = preSolution
		Debug|Any CPU = Debug|Any CPU
		Release|Any CPU = Release|Any CPU
	EndGlobalSection
	GlobalSection(ProjectConfigurationPlatforms) = postSolution
		{E2B3DF8A-C337-41E0-967A-7699DF74EDAE}.Debug|Any CPU.ActiveCfg = Debug|Any CPU
		{E2B3DF8A-C337-41E0-967A-7699DF74EDAE}.Debug|Any CPU.Build.0 = Debug|Any CPU
		{E2B3DF8A-C337-41E0-967A-7699DF74EDAE}.Release|Any CPU.ActiveCfg = Release|Any CPU
		{E2B3DF8A-C337-41E0-967A-7699DF74EDAE}.Release|Any CPU.Build.0 = Release|Any CPU
	EndGlobalSection
	GlobalSection(SolutionProperties) = preSolution
		HideSolutionNode = FALSE
	EndGlobalSection
	GlobalSection(ExtensibilityGlobals) = postSolution
		SolutionGuid = {60E6ADA1-DEEF-45F6-B066-EC9D29C93080}
	EndGlobalSection
EndGlobal
